
Microsoft Visual Studio Solution File, Format Version 12.00
# Visual Studio Version 17
VisualStudioVersion = 17.5.002.0
MinimumVisualStudioVersion = 10.0.40219.1
Project("{9A19103F-16F7-4668-BE54-9A1E7A4F7556}") = "PasswordManager", "PasswordManager.csproj", "{489F97B3-7896-4957-A71B-65604F667390}"
EndProject
Global
	GlobalSection(SolutionConfigurationPlatforms) = preSolution
		Debug|Any CPU = Debug|Any CPU
		Release|Any CPU = Release|Any CPU
	EndGlobalSection
	GlobalSection(ProjectConfigurationPlatforms) = postSolution
		{489F97B3-7896-4957-A71B-65604F667390}.Debug|Any CPU.ActiveCfg = Debug|Any CPU
		{489F97B3-7896-4957-A71B-65604F667390}.Debug|Any CPU.Build.0 = Debug|Any CPU
		{489F97B3-7896-4957-A71B-65604F667390}.Release|Any CPU.ActiveCfg = Release|Any CPU
		{489F97B3-7896-4957-A71B-65604F667390}.Release|Any CPU.Build.0 = Release|Any CPU
	EndGlobalSection
	GlobalSection(SolutionProperties) = preSolution
		HideSolutionNode = FALSE
	EndGlobalSection
	GlobalSection(ExtensibilityGlobals) = postSolution
		SolutionGuid = {9489416C-4CA9-4A97-A0B2-E4127DA2E75D}
	EndGlobalSection
EndGlobal
